
Microsoft Visual Studio Solution File, Format Version 12.00
# Visual Studio Version 16
VisualStudioVersion = 16.0.29201.188
MinimumVisualStudioVersion = 10.0.40219.1
Project("{FAE04EC0-301F-11D3-BF4B-00C04F79EFBC}") = "CloseWindow", "CloseWindow.csproj", "{B8299A2A-512B-44EC-9613-FC455E1A9E23}"
EndProject
Global
	GlobalSection(SolutionConfigurationPlatforms) = preSolution
		Debug|Any CPU = Debug|Any CPU
		Release|Any CPU = Release|Any CPU
	EndGlobalSection
	GlobalSection(ProjectConfigurationPlatforms) = postSolution
		{B8299A2A-512B-44EC-9613-FC455E1A9E23}.Debug|Any CPU.ActiveCfg = Debug|Any CPU
		{B8299A2A-512B-44EC-9613-FC455E1A9E23}.Debug|Any CPU.Build.0 = Debug|Any CPU
		{B8299A2A-512B-44EC-9613-FC455E1A9E23}.Release|Any CPU.ActiveCfg = Release|Any CPU
		{B8299A2A-512B-44EC-9613-FC455E1A9E23}.Release|Any CPU.Build.0 = Release|Any CPU
	EndGlobalSection
	GlobalSection(SolutionProperties) = preSolution
		HideSolutionNode = FALSE
	EndGlobalSection
	GlobalSection(ExtensibilityGlobals) = postSolution
		SolutionGuid = {AFC1A85A-7C9F-44DD-9494-EA82AA8C5543}
	EndGlobalSection
EndGlobal
